
Microsoft Visual Studio Solution File, Format Version 12.00
# Visual Studio Version 17
VisualStudioVersion = 17.2.32602.215
MinimumVisualStudioVersion = 10.0.40219.1
Project("{FAE04EC0-301F-11D3-BF4B-00C04F79EFBC}") = "teorieMostenire", "teorieMostenire\teorieMostenire.csproj", "{C5433197-E1BE-4E1E-B38D-50EEE9CCB30C}"
EndProject
Global
	GlobalSection(SolutionConfigurationPlatforms) = preSolution
		Debug|Any CPU = Debug|Any CPU
		Release|Any CPU = Release|Any CPU
	EndGlobalSection
	GlobalSection(ProjectConfigurationPlatforms) = postSolution
		{C5433197-E1BE-4E1E-B38D-50EEE9CCB30C}.Debug|Any CPU.ActiveCfg = Debug|Any CPU
		{C5433197-E1BE-4E1E-B38D-50EEE9CCB30C}.Debug|Any CPU.Build.0 = Debug|Any CPU
		{C5433197-E1BE-4E1E-B38D-50EEE9CCB30C}.Release|Any CPU.ActiveCfg = Release|Any CPU
		{C5433197-E1BE-4E1E-B38D-50EEE9CCB30C}.Release|Any CPU.Build.0 = Release|Any CPU
	EndGlobalSection
	GlobalSection(SolutionProperties) = preSolution
		HideSolutionNode = FALSE
	EndGlobalSection
	GlobalSection(ExtensibilityGlobals) = postSolution
		SolutionGuid = {80C1BA02-CD9E-4501-A2F7-4C31E09C9C24}
	EndGlobalSection
EndGlobal
